{
  "requires": true,
  "lockfileVersion": 1,
  "dependencies": {
    "webix": {
      "version": "8.4.0",
      "resolved": "https://registry.npmjs.org/webix/-/webix-8.4.0.tgz",
      "integrity": "sha512-6kxptOm7xcfV6ePze2l3ejqTG2Zo0Nb8/feZ6vQ53XrLCU27pwBrgxCtSyeXyw9KxwhDel9rzsEeJUVv2Ltdzg=="
    }
  }
}
